
Microsoft Visual Studio Solution File, Format Version 12.00
# Visual Studio Version 16
VisualStudioVersion = 16.0.30621.155
MinimumVisualStudioVersion = 10.0.40219.1
Project("{8BC9CEB8-8B4A-11D0-8D11-00A0C91BC942}") = "1976", "1976\1976.vcxproj", "{16874FD4-4D31-4C56-8B85-4BBB98566738}"
EndProject
Global
	GlobalSection(SolutionConfigurationPlatforms) = preSolution
		Debug|x64 = Debug|x64
		Debug|x86 = Debug|x86
		Release|x64 = Release|x64
		Release|x86 = Release|x86
	EndGlobalSection
	GlobalSection(ProjectConfigurationPlatforms) = postSolution
		{16874FD4-4D31-4C56-8B85-4BBB98566738}.Debug|x64.ActiveCfg = Debug|x64
		{16874FD4-4D31-4C56-8B85-4BBB98566738}.Debug|x64.Build.0 = Debug|x64
		{16874FD4-4D31-4C56-8B85-4BBB98566738}.Debug|x86.ActiveCfg = Debug|Win32
		{16874FD4-4D31-4C56-8B85-4BBB98566738}.Debug|x86.Build.0 = Debug|Win32
		{16874FD4-4D31-4C56-8B85-4BBB98566738}.Release|x64.ActiveCfg = Release|x64
		{16874FD4-4D31-4C56-8B85-4BBB98566738}.Release|x64.Build.0 = Release|x64
		{16874FD4-4D31-4C56-8B85-4BBB98566738}.Release|x86.ActiveCfg = Release|Win32
		{16874FD4-4D31-4C56-8B85-4BBB98566738}.Release|x86.Build.0 = Release|Win32
	EndGlobalSection
	GlobalSection(SolutionProperties) = preSolution
		HideSolutionNode = FALSE
	EndGlobalSection
	GlobalSection(ExtensibilityGlobals) = postSolution
		SolutionGuid = {7984522C-D7A9-4387-A603-8C695DD6F913}
	EndGlobalSection
EndGlobal
